
Microsoft Visual Studio Solution File, Format Version 12.00
# Visual Studio Version 17
VisualStudioVersion = 17.2.32630.192
MinimumVisualStudioVersion = 10.0.40219.1
Project("{FAE04EC0-301F-11D3-BF4B-00C04F79EFBC}") = "CUSTOMER.BACKEND", "CUSTOMER.BACKEND\CUSTOMER.BACKEND.csproj", "{58D11B36-5157-4265-B005-4C555604C7B3}"
EndProject
Project("{FAE04EC0-301F-11D3-BF4B-00C04F79EFBC}") = "DATA.ACCESS.LAYER", "DATA.ACCESS.LAYER\DATA.ACCESS.LAYER.csproj", "{FFB189E8-C734-425A-BF39-26298295A4FB}"
EndProject
Project("{FAE04EC0-301F-11D3-BF4B-00C04F79EFBC}") = "CUSTOMER.MODELS", "CUSTOMER.MODELS\CUSTOMER.MODELS.csproj", "{7C452845-F396-45F8-862A-007CA3032301}"
EndProject
Project("{FAE04EC0-301F-11D3-BF4B-00C04F79EFBC}") = "CUSTOMER.SERVICES", "CUSTOMER.SERVICES\CUSTOMER.SERVICES.csproj", "{7A08C592-D3CE-4B84-B451-6B76144DBE3A}"
EndProject
Project("{FAE04EC0-301F-11D3-BF4B-00C04F79EFBC}") = "CUSTOMER.CONSTANTS", "CUSTOMER.CONSTANTS\CUSTOMER.CONSTANTS.csproj", "{5F53DC53-B45F-4243-9EE6-3297581E6A0F}"
EndProject
Project("{FAE04EC0-301F-11D3-BF4B-00C04F79EFBC}") = "CUSTOMER.DTO", "CUSTOMER.DTO\CUSTOMER.DTO.csproj", "{298D1845-6E4E-4BFC-B5A9-B183158B8793}"
EndProject
Global
	GlobalSection(SolutionConfigurationPlatforms) = preSolution
		Debug|Any CPU = Debug|Any CPU
		Release|Any CPU = Release|Any CPU
	EndGlobalSection
	GlobalSection(ProjectConfigurationPlatforms) = postSolution
		{58D11B36-5157-4265-B005-4C555604C7B3}.Debug|Any CPU.ActiveCfg = Debug|Any CPU
		{58D11B36-5157-4265-B005-4C555604C7B3}.Debug|Any CPU.Build.0 = Debug|Any CPU
		{58D11B36-5157-4265-B005-4C555604C7B3}.Release|Any CPU.ActiveCfg = Release|Any CPU
		{58D11B36-5157-4265-B005-4C555604C7B3}.Release|Any CPU.Build.0 = Release|Any CPU
		{FFB189E8-C734-425A-BF39-26298295A4FB}.Debug|Any CPU.ActiveCfg = Debug|Any CPU
		{FFB189E8-C734-425A-BF39-26298295A4FB}.Debug|Any CPU.Build.0 = Debug|Any CPU
		{FFB189E8-C734-425A-BF39-26298295A4FB}.Release|Any CPU.ActiveCfg = Release|Any CPU
		{FFB189E8-C734-425A-BF39-26298295A4FB}.Release|Any CPU.Build.0 = Release|Any CPU
		{7C452845-F396-45F8-862A-007CA3032301}.Debug|Any CPU.ActiveCfg = Debug|Any CPU
		{7C452845-F396-45F8-862A-007CA3032301}.Debug|Any CPU.Build.0 = Debug|Any CPU
		{7C452845-F396-45F8-862A-007CA3032301}.Release|Any CPU.ActiveCfg = Release|Any CPU
		{7C452845-F396-45F8-862A-007CA3032301}.Release|Any CPU.Build.0 = Release|Any CPU
		{7A08C592-D3CE-4B84-B451-6B76144DBE3A}.Debug|Any CPU.ActiveCfg = Debug|Any CPU
		{7A08C592-D3CE-4B84-B451-6B76144DBE3A}.Debug|Any CPU.Build.0 = Debug|Any CPU
		{7A08C592-D3CE-4B84-B451-6B76144DBE3A}.Release|Any CPU.ActiveCfg = Release|Any CPU
		{7A08C592-D3CE-4B84-B451-6B76144DBE3A}.Release|Any CPU.Build.0 = Release|Any CPU
		{5F53DC53-B45F-4243-9EE6-3297581E6A0F}.Debug|Any CPU.ActiveCfg = Debug|Any CPU
		{5F53DC53-B45F-4243-9EE6-3297581E6A0F}.Debug|Any CPU.Build.0 = Debug|Any CPU
		{5F53DC53-B45F-4243-9EE6-3297581E6A0F}.Release|Any CPU.ActiveCfg = Release|Any CPU
		{5F53DC53-B45F-4243-9EE6-3297581E6A0F}.Release|Any CPU.Build.0 = Release|Any CPU
		{298D1845-6E4E-4BFC-B5A9-B183158B8793}.Debug|Any CPU.ActiveCfg = Debug|Any CPU
		{298D1845-6E4E-4BFC-B5A9-B183158B8793}.Debug|Any CPU.Build.0 = Debug|Any CPU
		{298D1845-6E4E-4BFC-B5A9-B183158B8793}.Release|Any CPU.ActiveCfg = Release|Any CPU
		{298D1845-6E4E-4BFC-B5A9-B183158B8793}.Release|Any CPU.Build.0 = Release|Any CPU
	EndGlobalSection
	GlobalSection(SolutionProperties) = preSolution
		HideSolutionNode = FALSE
	EndGlobalSection
	GlobalSection(ExtensibilityGlobals) = postSolution
		SolutionGuid = {E25015E7-806C-4472-B39A-26EA00985603}
	EndGlobalSection
EndGlobal
